// !$*UTF8*$!
{
	archiveVersion = 1;
	classes = {
	};
	objectVersion = 46;
	objects = {

/* Begin PBXBuildFile section */
		898B42EECF5D8DC32F509CD1 /* Pods_HoodCity.framework in Frameworks */ = {isa = PBXBuildFile; fileRef = E528CCB43C36F541315C31EB /* Pods_HoodCity.framework */; };
		A602DF8F1F23AFB000890744 /* EventController.swift in Sources */ = {isa = PBXBuildFile; fileRef = A602DF8E1F23AFB000890744 /* EventController.swift */; };
		A6060F981F3EAE3700D71213 /* PDFController.swift in Sources */ = {isa = PBXBuildFile; fileRef = A6060F971F3EAE3700D71213 /* PDFController.swift */; };
		A617F5911F2827E600391723 /* SignUpController.swift in Sources */ = {isa = PBXBuildFile; fileRef = A617F5901F2827E600391723 /* SignUpController.swift */; };
		A617F5951F296EC400391723 /* MapController.swift in Sources */ = {isa = PBXBuildFile; fileRef = A617F5941F296EC400391723 /* MapController.swift */; };
		A634BAF61F23369300927724 /* SecretKeys.swift in Sources */ = {isa = PBXBuildFile; fileRef = A634BAF51F23369300927724 /* SecretKeys.swift */; };
		A6365CB21F3F935C00BB03AD /* EventsController.swift in Sources */ = {isa = PBXBuildFile; fileRef = A6365CB11F3F935C00BB03AD /* EventsController.swift */; };
		A6365CB41F3F957E00BB03AD /* EventsDataSource.swift in Sources */ = {isa = PBXBuildFile; fileRef = A6365CB31F3F957E00BB03AD /* EventsDataSource.swift */; };
		A65910471F3112A3003CC2F4 /* LoadingView.swift in Sources */ = {isa = PBXBuildFile; fileRef = A65910461F3112A3003CC2F4 /* LoadingView.swift */; };
		A662045A1F3F407A00F4655C /* SettingsController.swift in Sources */ = {isa = PBXBuildFile; fileRef = A66204591F3F407A00F4655C /* SettingsController.swift */; };
		A662045C1F3F4CA700F4655C /* ProfileContentView.swift in Sources */ = {isa = PBXBuildFile; fileRef = A662045B1F3F4CA700F4655C /* ProfileContentView.swift */; };
		A6847FC71F2992740093E250 /* SignUpView.swift in Sources */ = {isa = PBXBuildFile; fileRef = A6847FC61F2992740093E250 /* SignUpView.swift */; };
		A684A2711F5E00890066685D /* EventData.swift in Sources */ = {isa = PBXBuildFile; fileRef = A684A2701F5E00890066685D /* EventData.swift */; };
		A6A32BAA1F2DC02F006F83FA /* FacebookClient.swift in Sources */ = {isa = PBXBuildFile; fileRef = A6A32BA91F2DC02F006F83FA /* FacebookClient.swift */; };
		A6A47C2F1F5DBAA7004E0157 /* EventDate.swift in Sources */ = {isa = PBXBuildFile; fileRef = A6A47C2E1F5DBAA7004E0157 /* EventDate.swift */; };
		A6A49FAE1F228606002BA67C /* EventAnnotationView.swift in Sources */ = {isa = PBXBuildFile; fileRef = A6A49FAD1F228606002BA67C /* EventAnnotationView.swift */; };
		A6AC1EB01F2E895C00A3BFE1 /* EventDetailsController.swift in Sources */ = {isa = PBXBuildFile; fileRef = A6AC1EAF1F2E895C00A3BFE1 /* EventDetailsController.swift */; };
		A6AC4C201F2D0E8400E96B93 /* User.swift in Sources */ = {isa = PBXBuildFile; fileRef = A6AC4C1F1F2D0E8400E96B93 /* User.swift */; };
		A6B986E51F5FD0D6001C26E4 /* FacebookError.swift in Sources */ = {isa = PBXBuildFile; fileRef = A6B986E41F5FD0D6001C26E4 /* FacebookError.swift */; };
		A6B986E81F6040B4001C26E4 /* TwitterError.swift in Sources */ = {isa = PBXBuildFile; fileRef = A6B986E71F6040B4001C26E4 /* TwitterError.swift */; };
		A6C123471F34365600C065B5 /* EventCell.swift in Sources */ = {isa = PBXBuildFile; fileRef = A6C123461F34365600C065B5 /* EventCell.swift */; };
		A6D1DAAC1F17D8A200DF2D13 /* FirebaseError.swift in Sources */ = {isa = PBXBuildFile; fileRef = A6D1DAAB1F17D8A200DF2D13 /* FirebaseError.swift */; };
		A6D1DAAE1F18567400DF2D13 /* EventType.swift in Sources */ = {isa = PBXBuildFile; fileRef = A6D1DAAD1F18567400DF2D13 /* EventType.swift */; };
		A6E0DFA41F35A2AA00B2870C /* TwitterClient.swift in Sources */ = {isa = PBXBuildFile; fileRef = A6E0DFA31F35A2AA00B2870C /* TwitterClient.swift */; };
		A6E2B9731F15A564006C4C85 /* AppDelegate.swift in Sources */ = {isa = PBXBuildFile; fileRef = A6E2B9721F15A564006C4C85 /* AppDelegate.swift */; };
		A6E2B9781F15A564006C4C85 /* Main.storyboard in Resources */ = {isa = PBXBuildFile; fileRef = A6E2B9761F15A564006C4C85 /* Main.storyboard */; };
		A6E2B97A1F15A564006C4C85 /* Assets.xcassets in Resources */ = {isa = PBXBuildFile; fileRef = A6E2B9791F15A564006C4C85 /* Assets.xcassets */; };
		A6E2B97D1F15A564006C4C85 /* LaunchScreen.storyboard in Resources */ = {isa = PBXBuildFile; fileRef = A6E2B97B1F15A564006C4C85 /* LaunchScreen.storyboard */; };
		A6E2B9851F15A9FA006C4C85 /* GoogleService-Info.plist in Resources */ = {isa = PBXBuildFile; fileRef = A6E2B9841F15A9FA006C4C85 /* GoogleService-Info.plist */; };
		A6E2B9981F15AE3F006C4C85 /* GeoFire.m in Sources */ = {isa = PBXBuildFile; fileRef = A6E2B98F1F15AE3F006C4C85 /* GeoFire.m */; };
		A6E2B9991F15AE3F006C4C85 /* GFBase32Utils.m in Sources */ = {isa = PBXBuildFile; fileRef = A6E2B9911F15AE3F006C4C85 /* GFBase32Utils.m */; };
		A6E2B99A1F15AE3F006C4C85 /* GFGeoHash.m in Sources */ = {isa = PBXBuildFile; fileRef = A6E2B9931F15AE3F006C4C85 /* GFGeoHash.m */; };
		A6E2B99B1F15AE3F006C4C85 /* GFGeoHashQuery.m in Sources */ = {isa = PBXBuildFile; fileRef = A6E2B9951F15AE3F006C4C85 /* GFGeoHashQuery.m */; };
		A6E2B99C1F15AE3F006C4C85 /* GFQuery.m in Sources */ = {isa = PBXBuildFile; fileRef = A6E2B9971F15AE3F006C4C85 /* GFQuery.m */; };
		A6E2B9AA1F15BB6B006C4C85 /* LocationManager.swift in Sources */ = {isa = PBXBuildFile; fileRef = A6E2B9A91F15BB6B006C4C85 /* LocationManager.swift */; };
		A6E2B9AD1F15DE06006C4C85 /* GeoFireClient.swift in Sources */ = {isa = PBXBuildFile; fileRef = A6E2B9AC1F15DE06006C4C85 /* GeoFireClient.swift */; };
		A6E2B9B31F15E38E006C4C85 /* GeoFireError.swift in Sources */ = {isa = PBXBuildFile; fileRef = A6E2B9B21F15E38E006C4C85 /* GeoFireError.swift */; };
		A6E2B9B61F15E600006C4C85 /* EventAnnotation.swift in Sources */ = {isa = PBXBuildFile; fileRef = A6E2B9B51F15E600006C4C85 /* EventAnnotation.swift */; };
		A6E2B9B81F172C4F006C4C85 /* FirebaseClient.swift in Sources */ = {isa = PBXBuildFile; fileRef = A6E2B9B71F172C4F006C4C85 /* FirebaseClient.swift */; };
		A6EE1C201F2E642400B0499F /* Event.swift in Sources */ = {isa = PBXBuildFile; fileRef = A6EE1C1F1F2E642400B0499F /* Event.swift */; };
/* End PBXBuildFile section */

/* Begin PBXFileReference section */
		A602DF8E1F23AFB000890744 /* EventController.swift */ = {isa = PBXFileReference; fileEncoding = 4; lastKnownFileType = sourcecode.swift; path = EventController.swift; sourceTree = "<group>"; };
		A6060F971F3EAE3700D71213 /* PDFController.swift */ = {isa = PBXFileReference; fileEncoding = 4; lastKnownFileType = sourcecode.swift; path = PDFController.swift; sourceTree = "<group>"; };
		A617F5901F2827E600391723 /* SignUpController.swift */ = {isa = PBXFileReference; fileEncoding = 4; lastKnownFileType = sourcecode.swift; path = SignUpController.swift; sourceTree = "<group>"; };
		A617F5941F296EC400391723 /* MapController.swift */ = {isa = PBXFileReference; fileEncoding = 4; lastKnownFileType = sourcecode.swift; path = MapController.swift; sourceTree = "<group>"; };
		A634BAF51F23369300927724 /* SecretKeys.swift */ = {isa = PBXFileReference; fileEncoding = 4; lastKnownFileType = sourcecode.swift; path = SecretKeys.swift; sourceTree = "<group>"; };
		A6365CB11F3F935C00BB03AD /* EventsController.swift */ = {isa = PBXFileReference; fileEncoding = 4; lastKnownFileType = sourcecode.swift; path = EventsController.swift; sourceTree = "<group>"; };
		A6365CB31F3F957E00BB03AD /* EventsDataSource.swift */ = {isa = PBXFileReference; fileEncoding = 4; lastKnownFileType = sourcecode.swift; path = EventsDataSource.swift; sourceTree = "<group>"; };
		A65910461F3112A3003CC2F4 /* LoadingView.swift */ = {isa = PBXFileReference; fileEncoding = 4; lastKnownFileType = sourcecode.swift; path = LoadingView.swift; sourceTree = "<group>"; };
		A65BB9621F248D2600F40CE6 /* HoodCity.entitlements */ = {isa = PBXFileReference; lastKnownFileType = text.plist.entitlements; path = HoodCity.entitlements; sourceTree = "<group>"; };
		A66204591F3F407A00F4655C /* SettingsController.swift */ = {isa = PBXFileReference; fileEncoding = 4; lastKnownFileType = sourcecode.swift; path = SettingsController.swift; sourceTree = "<group>"; };
		A662045B1F3F4CA700F4655C /* ProfileContentView.swift */ = {isa = PBXFileReference; fileEncoding = 4; lastKnownFileType = sourcecode.swift; path = ProfileContentView.swift; sourceTree = "<group>"; };
		A6847FC61F2992740093E250 /* SignUpView.swift */ = {isa = PBXFileReference; fileEncoding = 4; lastKnownFileType = sourcecode.swift; path = SignUpView.swift; sourceTree = "<group>"; };
		A684A2701F5E00890066685D /* EventData.swift */ = {isa = PBXFileReference; fileEncoding = 4; lastKnownFileType = sourcecode.swift; path = EventData.swift; sourceTree = "<group>"; };
		A6A32BA91F2DC02F006F83FA /* FacebookClient.swift */ = {isa = PBXFileReference; fileEncoding = 4; lastKnownFileType = sourcecode.swift; path = FacebookClient.swift; sourceTree = "<group>"; };
		A6A47C2E1F5DBAA7004E0157 /* EventDate.swift */ = {isa = PBXFileReference; fileEncoding = 4; lastKnownFileType = sourcecode.swift; path = EventDate.swift; sourceTree = "<group>"; };
		A6A49FAD1F228606002BA67C /* EventAnnotationView.swift */ = {isa = PBXFileReference; fileEncoding = 4; lastKnownFileType = sourcecode.swift; path = EventAnnotationView.swift; sourceTree = "<group>"; };
		A6AC1EAF1F2E895C00A3BFE1 /* EventDetailsController.swift */ = {isa = PBXFileReference; fileEncoding = 4; lastKnownFileType = sourcecode.swift; path = EventDetailsController.swift; sourceTree = "<group>"; };
		A6AC4C1F1F2D0E8400E96B93 /* User.swift */ = {isa = PBXFileReference; fileEncoding = 4; lastKnownFileType = sourcecode.swift; path = User.swift; sourceTree = "<group>"; };
		A6B986E41F5FD0D6001C26E4 /* FacebookError.swift */ = {isa = PBXFileReference; fileEncoding = 4; lastKnownFileType = sourcecode.swift; path = FacebookError.swift; sourceTree = "<group>"; };
		A6B986E71F6040B4001C26E4 /* TwitterError.swift */ = {isa = PBXFileReference; fileEncoding = 4; lastKnownFileType = sourcecode.swift; path = TwitterError.swift; sourceTree = "<group>"; };
		A6C123461F34365600C065B5 /* EventCell.swift */ = {isa = PBXFileReference; fileEncoding = 4; lastKnownFileType = sourcecode.swift; path = EventCell.swift; sourceTree = "<group>"; };
		A6D1DAAB1F17D8A200DF2D13 /* FirebaseError.swift */ = {isa = PBXFileReference; fileEncoding = 4; lastKnownFileType = sourcecode.swift; path = FirebaseError.swift; sourceTree = "<group>"; };
		A6D1DAAD1F18567400DF2D13 /* EventType.swift */ = {isa = PBXFileReference; fileEncoding = 4; lastKnownFileType = sourcecode.swift; path = EventType.swift; sourceTree = "<group>"; };
		A6E0DFA31F35A2AA00B2870C /* TwitterClient.swift */ = {isa = PBXFileReference; fileEncoding = 4; lastKnownFileType = sourcecode.swift; path = TwitterClient.swift; sourceTree = "<group>"; };
		A6E2B96F1F15A564006C4C85 /* HoodCity.app */ = {isa = PBXFileReference; explicitFileType = wrapper.application; includeInIndex = 0; path = HoodCity.app; sourceTree = BUILT_PRODUCTS_DIR; };
		A6E2B9721F15A564006C4C85 /* AppDelegate.swift */ = {isa = PBXFileReference; lastKnownFileType = sourcecode.swift; path = AppDelegate.swift; sourceTree = "<group>"; };
		A6E2B9771F15A564006C4C85 /* Base */ = {isa = PBXFileReference; lastKnownFileType = file.storyboard; name = Base; path = Base.lproj/Main.storyboard; sourceTree = "<group>"; };
		A6E2B9791F15A564006C4C85 /* Assets.xcassets */ = {isa = PBXFileReference; lastKnownFileType = folder.assetcatalog; path = Assets.xcassets; sourceTree = "<group>"; };
		A6E2B97C1F15A564006C4C85 /* Base */ = {isa = PBXFileReference; lastKnownFileType = file.storyboard; name = Base; path = Base.lproj/LaunchScreen.storyboard; sourceTree = "<group>"; };
		A6E2B97E1F15A564006C4C85 /* Info.plist */ = {isa = PBXFileReference; lastKnownFileType = text.plist.xml; path = Info.plist; sourceTree = "<group>"; };
		A6E2B9841F15A9FA006C4C85 /* GoogleService-Info.plist */ = {isa = PBXFileReference; fileEncoding = 4; lastKnownFileType = text.plist.xml; path = "GoogleService-Info.plist"; sourceTree = "<group>"; };
		A6E2B9881F15AE3F006C4C85 /* GeoFire.h */ = {isa = PBXFileReference; fileEncoding = 4; lastKnownFileType = sourcecode.c.h; path = GeoFire.h; sourceTree = "<group>"; };
		A6E2B9891F15AE3F006C4C85 /* GFCircleQuery.h */ = {isa = PBXFileReference; fileEncoding = 4; lastKnownFileType = sourcecode.c.h; path = GFCircleQuery.h; sourceTree = "<group>"; };
		A6E2B98A1F15AE3F006C4C85 /* GFQuery.h */ = {isa = PBXFileReference; fileEncoding = 4; lastKnownFileType = sourcecode.c.h; path = GFQuery.h; sourceTree = "<group>"; };
		A6E2B98B1F15AE3F006C4C85 /* GFRegionQuery.h */ = {isa = PBXFileReference; fileEncoding = 4; lastKnownFileType = sourcecode.c.h; path = GFRegionQuery.h; sourceTree = "<group>"; };
		A6E2B98C1F15AE3F006C4C85 /* GeoFire-Prefix.pch */ = {isa = PBXFileReference; fileEncoding = 4; lastKnownFileType = sourcecode.c.h; path = "GeoFire-Prefix.pch"; sourceTree = "<group>"; };
		A6E2B98E1F15AE3F006C4C85 /* GeoFire+Private.h */ = {isa = PBXFileReference; fileEncoding = 4; lastKnownFileType = sourcecode.c.h; path = "GeoFire+Private.h"; sourceTree = "<group>"; };
		A6E2B98F1F15AE3F006C4C85 /* GeoFire.m */ = {isa = PBXFileReference; fileEncoding = 4; lastKnownFileType = sourcecode.c.objc; path = GeoFire.m; sourceTree = "<group>"; };
		A6E2B9901F15AE3F006C4C85 /* GFBase32Utils.h */ = {isa = PBXFileReference; fileEncoding = 4; lastKnownFileType = sourcecode.c.h; path = GFBase32Utils.h; sourceTree = "<group>"; };
		A6E2B9911F15AE3F006C4C85 /* GFBase32Utils.m */ = {isa = PBXFileReference; fileEncoding = 4; lastKnownFileType = sourcecode.c.objc; path = GFBase32Utils.m; sourceTree = "<group>"; };
		A6E2B9921F15AE3F006C4C85 /* GFGeoHash.h */ = {isa = PBXFileReference; fileEncoding = 4; lastKnownFileType = sourcecode.c.h; path = GFGeoHash.h; sourceTree = "<group>"; };
		A6E2B9931F15AE3F006C4C85 /* GFGeoHash.m */ = {isa = PBXFileReference; fileEncoding = 4; lastKnownFileType = sourcecode.c.objc; path = GFGeoHash.m; sourceTree = "<group>"; };
		A6E2B9941F15AE3F006C4C85 /* GFGeoHashQuery.h */ = {isa = PBXFileReference; fileEncoding = 4; lastKnownFileType = sourcecode.c.h; path = GFGeoHashQuery.h; sourceTree = "<group>"; };
		A6E2B9951F15AE3F006C4C85 /* GFGeoHashQuery.m */ = {isa = PBXFileReference; fileEncoding = 4; lastKnownFileType = sourcecode.c.objc; path = GFGeoHashQuery.m; sourceTree = "<group>"; };
		A6E2B9961F15AE3F006C4C85 /* GFQuery+Private.h */ = {isa = PBXFileReference; fileEncoding = 4; lastKnownFileType = sourcecode.c.h; path = "GFQuery+Private.h"; sourceTree = "<group>"; };
		A6E2B9971F15AE3F006C4C85 /* GFQuery.m */ = {isa = PBXFileReference; fileEncoding = 4; lastKnownFileType = sourcecode.c.objc; path = GFQuery.m; sourceTree = "<group>"; };
		A6E2B9A51F15AF6A006C4C85 /* HoodCity-Bridging-Header.h */ = {isa = PBXFileReference; fileEncoding = 4; lastKnownFileType = sourcecode.c.h; path = "HoodCity-Bridging-Header.h"; sourceTree = "<group>"; };
		A6E2B9A91F15BB6B006C4C85 /* LocationManager.swift */ = {isa = PBXFileReference; fileEncoding = 4; lastKnownFileType = sourcecode.swift; path = LocationManager.swift; sourceTree = "<group>"; };
		A6E2B9AC1F15DE06006C4C85 /* GeoFireClient.swift */ = {isa = PBXFileReference; fileEncoding = 4; lastKnownFileType = sourcecode.swift; path = GeoFireClient.swift; sourceTree = "<group>"; };
		A6E2B9B21F15E38E006C4C85 /* GeoFireError.swift */ = {isa = PBXFileReference; fileEncoding = 4; lastKnownFileType = sourcecode.swift; path = GeoFireError.swift; sourceTree = "<group>"; };
		A6E2B9B51F15E600006C4C85 /* EventAnnotation.swift */ = {isa = PBXFileReference; fileEncoding = 4; lastKnownFileType = sourcecode.swift; path = EventAnnotation.swift; sourceTree = "<group>"; };
		A6E2B9B71F172C4F006C4C85 /* FirebaseClient.swift */ = {isa = PBXFileReference; fileEncoding = 4; lastKnownFileType = sourcecode.swift; path = FirebaseClient.swift; sourceTree = "<group>"; };
		A6EE1C1F1F2E642400B0499F /* Event.swift */ = {isa = PBXFileReference; fileEncoding = 4; lastKnownFileType = sourcecode.swift; path = Event.swift; sourceTree = "<group>"; };
		AC7C1191C2AFC5B024B9BD42 /* Pods-HoodCity.debug.xcconfig */ = {isa = PBXFileReference; includeInIndex = 1; lastKnownFileType = text.xcconfig; name = "Pods-HoodCity.debug.xcconfig"; path = "Pods/Target Support Files/Pods-HoodCity/Pods-HoodCity.debug.xcconfig"; sourceTree = "<group>"; };
		D2DF91BDB09F9D37C0A87EC0 /* Pods-HoodCity.release.xcconfig */ = {isa = PBXFileReference; includeInIndex = 1; lastKnownFileType = text.xcconfig; name = "Pods-HoodCity.release.xcconfig"; path = "Pods/Target Support Files/Pods-HoodCity/Pods-HoodCity.release.xcconfig"; sourceTree = "<group>"; };
		E528CCB43C36F541315C31EB /* Pods_HoodCity.framework */ = {isa = PBXFileReference; explicitFileType = wrapper.framework; includeInIndex = 0; path = Pods_HoodCity.framework; sourceTree = BUILT_PRODUCTS_DIR; };
/* End PBXFileReference section */

/* Begin PBXFrameworksBuildPhase section */
		A6E2B96C1F15A564006C4C85 /* Frameworks */ = {
			isa = PBXFrameworksBuildPhase;
			buildActionMask = 2147483647;
			files = (
				898B42EECF5D8DC32F509CD1 /* Pods_HoodCity.framework in Frameworks */,
			);
			runOnlyForDeploymentPostprocessing = 0;
		};
/* End PBXFrameworksBuildPhase section */

/* Begin PBXGroup section */
		373A6852C4BF4FD26B48B567 /* Frameworks */ = {
			isa = PBXGroup;
			children = (
				E528CCB43C36F541315C31EB /* Pods_HoodCity.framework */,
			);
			name = Frameworks;
			sourceTree = "<group>";
		};
		A639667D1F1958C00068B3D4 /* View */ = {
			isa = PBXGroup;
			children = (
				A6847FC61F2992740093E250 /* SignUpView.swift */,
				A6A49FAD1F228606002BA67C /* EventAnnotationView.swift */,
				A65910461F3112A3003CC2F4 /* LoadingView.swift */,
				A6C123461F34365600C065B5 /* EventCell.swift */,
				A662045B1F3F4CA700F4655C /* ProfileContentView.swift */,
			);
			name = View;
			sourceTree = "<group>";
		};
		A6B986E61F60408F001C26E4 /* Error */ = {
			isa = PBXGroup;
			children = (
				A6D1DAAB1F17D8A200DF2D13 /* FirebaseError.swift */,
				A6E2B9B21F15E38E006C4C85 /* GeoFireError.swift */,
				A6B986E41F5FD0D6001C26E4 /* FacebookError.swift */,
				A6B986E71F6040B4001C26E4 /* TwitterError.swift */,
			);
			name = Error;
			sourceTree = "<group>";
		};
		A6C123481F34E80D00C065B5 /* DataSources */ = {
			isa = PBXGroup;
			children = (
				A6365CB31F3F957E00BB03AD /* EventsDataSource.swift */,
			);
			name = DataSources;
			sourceTree = "<group>";
		};
		A6E2B9661F15A563006C4C85 = {
			isa = PBXGroup;
			children = (
				A6E2B9711F15A564006C4C85 /* HoodCity */,
				A6E2B9701F15A564006C4C85 /* Products */,
				D4068376510922F38AC73B12 /* Pods */,
				373A6852C4BF4FD26B48B567 /* Frameworks */,
			);
			sourceTree = "<group>";
		};
		A6E2B9701F15A564006C4C85 /* Products */ = {
			isa = PBXGroup;
			children = (
				A6E2B96F1F15A564006C4C85 /* HoodCity.app */,
			);
			name = Products;
			sourceTree = "<group>";
		};
		A6E2B9711F15A564006C4C85 /* HoodCity */ = {
			isa = PBXGroup;
			children = (
				A65BB9621F248D2600F40CE6 /* HoodCity.entitlements */,
				A6B986E61F60408F001C26E4 /* Error */,
				A6E2B9861F15AE3F006C4C85 /* GeoFire */,
				A6C123481F34E80D00C065B5 /* DataSources */,
				A6E2B9AB1F15DDE2006C4C85 /* Networking */,
				A639667D1F1958C00068B3D4 /* View */,
				A6E2B9B41F15E5EA006C4C85 /* Model */,
				A6E2B9A81F15BB50006C4C85 /* Location */,
				A6E2B9A61F15B894006C4C85 /* Controllers */,
				A6E2B9721F15A564006C4C85 /* AppDelegate.swift */,
				A6E2B9761F15A564006C4C85 /* Main.storyboard */,
				A6E2B9791F15A564006C4C85 /* Assets.xcassets */,
				A6E2B97B1F15A564006C4C85 /* LaunchScreen.storyboard */,
				A6E2B97E1F15A564006C4C85 /* Info.plist */,
				A6E2B9841F15A9FA006C4C85 /* GoogleService-Info.plist */,
				A6E2B9A51F15AF6A006C4C85 /* HoodCity-Bridging-Header.h */,
				A634BAF51F23369300927724 /* SecretKeys.swift */,
			);
			path = HoodCity;
			sourceTree = "<group>";
		};
		A6E2B9861F15AE3F006C4C85 /* GeoFire */ = {
			isa = PBXGroup;
			children = (
				A6E2B9871F15AE3F006C4C85 /* API */,
				A6E2B98C1F15AE3F006C4C85 /* GeoFire-Prefix.pch */,
				A6E2B98D1F15AE3F006C4C85 /* Implementation */,
			);
			path = GeoFire;
			sourceTree = "<group>";
		};
		A6E2B9871F15AE3F006C4C85 /* API */ = {
			isa = PBXGroup;
			children = (
				A6E2B9881F15AE3F006C4C85 /* GeoFire.h */,
				A6E2B9891F15AE3F006C4C85 /* GFCircleQuery.h */,
				A6E2B98A1F15AE3F006C4C85 /* GFQuery.h */,
				A6E2B98B1F15AE3F006C4C85 /* GFRegionQuery.h */,
			);
			path = API;
			sourceTree = "<group>";
		};
		A6E2B98D1F15AE3F006C4C85 /* Implementation */ = {
			isa = PBXGroup;
			children = (
				A6E2B98E1F15AE3F006C4C85 /* GeoFire+Private.h */,
				A6E2B98F1F15AE3F006C4C85 /* GeoFire.m */,
				A6E2B9901F15AE3F006C4C85 /* GFBase32Utils.h */,
				A6E2B9911F15AE3F006C4C85 /* GFBase32Utils.m */,
				A6E2B9921F15AE3F006C4C85 /* GFGeoHash.h */,
				A6E2B9931F15AE3F006C4C85 /* GFGeoHash.m */,
				A6E2B9941F15AE3F006C4C85 /* GFGeoHashQuery.h */,
				A6E2B9951F15AE3F006C4C85 /* GFGeoHashQuery.m */,
				A6E2B9961F15AE3F006C4C85 /* GFQuery+Private.h */,
				A6E2B9971F15AE3F006C4C85 /* GFQuery.m */,
			);
			path = Implementation;
			sourceTree = "<group>";
		};
		A6E2B9A61F15B894006C4C85 /* Controllers */ = {
			isa = PBXGroup;
			children = (
				A617F5941F296EC400391723 /* MapController.swift */,
				A602DF8E1F23AFB000890744 /* EventController.swift */,
				A617F5901F2827E600391723 /* SignUpController.swift */,
				A6AC1EAF1F2E895C00A3BFE1 /* EventDetailsController.swift */,
				A66204591F3F407A00F4655C /* SettingsController.swift */,
				A6365CB11F3F935C00BB03AD /* EventsController.swift */,
				A6060F971F3EAE3700D71213 /* PDFController.swift */,
			);
			name = Controllers;
			sourceTree = "<group>";
		};
		A6E2B9A81F15BB50006C4C85 /* Location */ = {
			isa = PBXGroup;
			children = (
				A6E2B9A91F15BB6B006C4C85 /* LocationManager.swift */,
			);
			name = Location;
			sourceTree = "<group>";
		};
		A6E2B9AB1F15DDE2006C4C85 /* Networking */ = {
			isa = PBXGroup;
			children = (
				A6E2B9AC1F15DE06006C4C85 /* GeoFireClient.swift */,
				A6E2B9B71F172C4F006C4C85 /* FirebaseClient.swift */,
				A6A32BA91F2DC02F006F83FA /* FacebookClient.swift */,
				A6E0DFA31F35A2AA00B2870C /* TwitterClient.swift */,
			);
			name = Networking;
			sourceTree = "<group>";
		};
		A6E2B9B41F15E5EA006C4C85 /* Model */ = {
			isa = PBXGroup;
			children = (
				A6EE1C1F1F2E642400B0499F /* Event.swift */,
				A684A2701F5E00890066685D /* EventData.swift */,
				A6D1DAAD1F18567400DF2D13 /* EventType.swift */,
				A6E2B9B51F15E600006C4C85 /* EventAnnotation.swift */,
				A6AC4C1F1F2D0E8400E96B93 /* User.swift */,
				A6A47C2E1F5DBAA7004E0157 /* EventDate.swift */,
			);
			name = Model;
			sourceTree = "<group>";
		};
		D4068376510922F38AC73B12 /* Pods */ = {
			isa = PBXGroup;
			children = (
				AC7C1191C2AFC5B024B9BD42 /* Pods-HoodCity.debug.xcconfig */,
				D2DF91BDB09F9D37C0A87EC0 /* Pods-HoodCity.release.xcconfig */,
			);
			name = Pods;
			sourceTree = "<group>";
		};
/* End PBXGroup section */

/* Begin PBXNativeTarget section */
		A6E2B96E1F15A564006C4C85 /* HoodCity */ = {
			isa = PBXNativeTarget;
			buildConfigurationList = A6E2B9811F15A564006C4C85 /* Build configuration list for PBXNativeTarget "HoodCity" */;
			buildPhases = (
				719783191B273C20EBB6FF22 /* [CP] Check Pods Manifest.lock */,
				A6E2B96B1F15A564006C4C85 /* Sources */,
				A6E2B96C1F15A564006C4C85 /* Frameworks */,
				A6E2B96D1F15A564006C4C85 /* Resources */,
				A1B1B47939403FCB600698EA /* [CP] Embed Pods Frameworks */,
				925F3FFEF92C9DFC48F1BC73 /* [CP] Copy Pods Resources */,
				A6CAC7C01F48A51B00D4A871 /* ShellScript */,
			);
			buildRules = (
			);
			dependencies = (
			);
			name = HoodCity;
			productName = HoodCity;
			productReference = A6E2B96F1F15A564006C4C85 /* HoodCity.app */;
			productType = "com.apple.product-type.application";
		};
/* End PBXNativeTarget section */

/* Begin PBXProject section */
		A6E2B9671F15A563006C4C85 /* Project object */ = {
			isa = PBXProject;
			attributes = {
				LastSwiftUpdateCheck = 0830;
				LastUpgradeCheck = 0830;
				ORGANIZATIONNAME = "Iván Martínez";
				TargetAttributes = {
					A6E2B96E1F15A564006C4C85 = {
						CreatedOnToolsVersion = 8.3.3;
						DevelopmentTeam = W288ESV4DF;
						ProvisioningStyle = Automatic;
						SystemCapabilities = {
							com.apple.Keychain = {
								enabled = 1;
							};
							com.apple.Push = {
								enabled = 0;
							};
						};
					};
				};
			};
			buildConfigurationList = A6E2B96A1F15A563006C4C85 /* Build configuration list for PBXProject "HoodCity" */;
			compatibilityVersion = "Xcode 3.2";
			developmentRegion = English;
			hasScannedForEncodings = 0;
			knownRegions = (
				en,
				Base,
			);
			mainGroup = A6E2B9661F15A563006C4C85;
			productRefGroup = A6E2B9701F15A564006C4C85 /* Products */;
			projectDirPath = "";
			projectRoot = "";
			targets = (
				A6E2B96E1F15A564006C4C85 /* HoodCity */,
			);
		};
/* End PBXProject section */

/* Begin PBXResourcesBuildPhase section */
		A6E2B96D1F15A564006C4C85 /* Resources */ = {
			isa = PBXResourcesBuildPhase;
			buildActionMask = 2147483647;
			files = (
				A6E2B97D1F15A564006C4C85 /* LaunchScreen.storyboard in Resources */,
				A6E2B9851F15A9FA006C4C85 /* GoogleService-Info.plist in Resources */,
				A6E2B97A1F15A564006C4C85 /* Assets.xcassets in Resources */,
				A6E2B9781F15A564006C4C85 /* Main.storyboard in Resources */,
			);
			runOnlyForDeploymentPostprocessing = 0;
		};
/* End PBXResourcesBuildPhase section */

/* Begin PBXShellScriptBuildPhase section */
		719783191B273C20EBB6FF22 /* [CP] Check Pods Manifest.lock */ = {
			isa = PBXShellScriptBuildPhase;
			buildActionMask = 2147483647;
			files = (
			);
			inputPaths = (
			);
			name = "[CP] Check Pods Manifest.lock";
			outputPaths = (
			);
			runOnlyForDeploymentPostprocessing = 0;
			shellPath = /bin/sh;
			shellScript = "diff \"${PODS_ROOT}/../Podfile.lock\" \"${PODS_ROOT}/Manifest.lock\" > /dev/null\nif [ $? != 0 ] ; then\n    # print error to STDERR\n    echo \"error: The sandbox is not in sync with the Podfile.lock. Run 'pod install' or update your CocoaPods installation.\" >&2\n    exit 1\nfi\n";
			showEnvVarsInLog = 0;
		};
		925F3FFEF92C9DFC48F1BC73 /* [CP] Copy Pods Resources */ = {
			isa = PBXShellScriptBuildPhase;
			buildActionMask = 2147483647;
			files = (
			);
			inputPaths = (
			);
			name = "[CP] Copy Pods Resources";
			outputPaths = (
			);
			runOnlyForDeploymentPostprocessing = 0;
			shellPath = /bin/sh;
			shellScript = "\"${SRCROOT}/Pods/Target Support Files/Pods-HoodCity/Pods-HoodCity-resources.sh\"\n";
			showEnvVarsInLog = 0;
		};
		A1B1B47939403FCB600698EA /* [CP] Embed Pods Frameworks */ = {
			isa = PBXShellScriptBuildPhase;
			buildActionMask = 2147483647;
			files = (
			);
			inputPaths = (
			);
			name = "[CP] Embed Pods Frameworks";
			outputPaths = (
			);
			runOnlyForDeploymentPostprocessing = 0;
			shellPath = /bin/sh;
			shellScript = "\"${SRCROOT}/Pods/Target Support Files/Pods-HoodCity/Pods-HoodCity-frameworks.sh\"\n";
			showEnvVarsInLog = 0;
		};
		A6CAC7C01F48A51B00D4A871 /* ShellScript */ = {
			isa = PBXShellScriptBuildPhase;
			buildActionMask = 2147483647;
			files = (
			);
			inputPaths = (
			);
			outputPaths = (
			);
			runOnlyForDeploymentPostprocessing = 0;
			shellPath = /bin/sh;
			shellScript = "\"${PODS_ROOT}/Fabric/run\" 900212ae82423d2df5335fc32898a48d3f70204b 0bcb8e2a3f5ebd660e1c986d905d5ce7d8b3143fe2e0c5dd4dfe3f6cd88ba8ea";
		};
/* End PBXShellScriptBuildPhase section */

/* Begin PBXSourcesBuildPhase section */
		A6E2B96B1F15A564006C4C85 /* Sources */ = {
			isa = PBXSourcesBuildPhase;
			buildActionMask = 2147483647;
			files = (
				A617F5911F2827E600391723 /* SignUpController.swift in Sources */,
				A617F5951F296EC400391723 /* MapController.swift in Sources */,
				A6D1DAAC1F17D8A200DF2D13 /* FirebaseError.swift in Sources */,
				A6E2B9991F15AE3F006C4C85 /* GFBase32Utils.m in Sources */,
				A6E0DFA41F35A2AA00B2870C /* TwitterClient.swift in Sources */,
				A6B986E81F6040B4001C26E4 /* TwitterError.swift in Sources */,
				A6A49FAE1F228606002BA67C /* EventAnnotationView.swift in Sources */,
				A662045A1F3F407A00F4655C /* SettingsController.swift in Sources */,
				A634BAF61F23369300927724 /* SecretKeys.swift in Sources */,
				A6E2B9B31F15E38E006C4C85 /* GeoFireError.swift in Sources */,
				A6E2B99A1F15AE3F006C4C85 /* GFGeoHash.m in Sources */,
				A6A47C2F1F5DBAA7004E0157 /* EventDate.swift in Sources */,
				A6365CB21F3F935C00BB03AD /* EventsController.swift in Sources */,
				A6EE1C201F2E642400B0499F /* Event.swift in Sources */,
				A6E2B9B61F15E600006C4C85 /* EventAnnotation.swift in Sources */,
				A6B986E51F5FD0D6001C26E4 /* FacebookError.swift in Sources */,
				A6E2B9731F15A564006C4C85 /* AppDelegate.swift in Sources */,
				A602DF8F1F23AFB000890744 /* EventController.swift in Sources */,
				A6060F981F3EAE3700D71213 /* PDFController.swift in Sources */,
				A6E2B9AA1F15BB6B006C4C85 /* LocationManager.swift in Sources */,
				A6E2B9AD1F15DE06006C4C85 /* GeoFireClient.swift in Sources */,
				A6365CB41F3F957E00BB03AD /* EventsDataSource.swift in Sources */,
				A6E2B9981F15AE3F006C4C85 /* GeoFire.m in Sources */,
				A6AC4C201F2D0E8400E96B93 /* User.swift in Sources */,
				A6E2B99B1F15AE3F006C4C85 /* GFGeoHashQuery.m in Sources */,
				A65910471F3112A3003CC2F4 /* LoadingView.swift in Sources */,
				A6E2B99C1F15AE3F006C4C85 /* GFQuery.m in Sources */,
				A6C123471F34365600C065B5 /* EventCell.swift in Sources */,
				A684A2711F5E00890066685D /* EventData.swift in Sources */,
				A6AC1EB01F2E895C00A3BFE1 /* EventDetailsController.swift in Sources */,
				A6847FC71F2992740093E250 /* SignUpView.swift in Sources */,
				A6D1DAAE1F18567400DF2D13 /* EventType.swift in Sources */,
				A662045C1F3F4CA700F4655C /* ProfileContentView.swift in Sources */,
				A6A32BAA1F2DC02F006F83FA /* FacebookClient.swift in Sources */,
				A6E2B9B81F172C4F006C4C85 /* FirebaseClient.swift in Sources */,
			);
			runOnlyForDeploymentPostprocessing = 0;
		};
/* End PBXSourcesBuildPhase section */

/* Begin PBXVariantGroup section */
		A6E2B9761F15A564006C4C85 /* Main.storyboard */ = {
			isa = PBXVariantGroup;
			children = (
				A6E2B9771F15A564006C4C85 /* Base */,
			);
			name = Main.storyboard;
			sourceTree = "<group>";
		};
		A6E2B97B1F15A564006C4C85 /* LaunchScreen.storyboard */ = {
			isa = PBXVariantGroup;
			children = (
				A6E2B97C1F15A564006C4C85 /* Base */,
			);
			name = LaunchScreen.storyboard;
			sourceTree = "<group>";
		};
/* End PBXVariantGroup section */

/* Begin XCBuildConfiguration section */
		A6E2B97F1F15A564006C4C85 /* Debug */ = {
			isa = XCBuildConfiguration;
			buildSettings = {
				ALWAYS_SEARCH_USER_PATHS = NO;
				CLANG_ANALYZER_NONNULL = YES;
				CLANG_ANALYZER_NUMBER_OBJECT_CONVERSION = YES_AGGRESSIVE;
				CLANG_CXX_LANGUAGE_STANDARD = "gnu++0x";
				CLANG_CXX_LIBRARY = "libc++";
				CLANG_ENABLE_MODULES = YES;
				CLANG_ENABLE_OBJC_ARC = YES;
				CLANG_WARN_BOOL_CONVERSION = YES;
				CLANG_WARN_CONSTANT_CONVERSION = YES;
				CLANG_WARN_DIRECT_OBJC_ISA_USAGE = YES_ERROR;
				CLANG_WARN_DOCUMENTATION_COMMENTS = YES;
				CLANG_WARN_EMPTY_BODY = YES;
				CLANG_WARN_ENUM_CONVERSION = YES;
				CLANG_WARN_INFINITE_RECURSION = YES;
				CLANG_WARN_INT_CONVERSION = YES;
				CLANG_WARN_OBJC_ROOT_CLASS = YES_ERROR;
				CLANG_WARN_SUSPICIOUS_MOVE = YES;
				CLANG_WARN_UNREACHABLE_CODE = YES;
				CLANG_WARN__DUPLICATE_METHOD_MATCH = YES;
				"CODE_SIGN_IDENTITY[sdk=iphoneos*]" = "iPhone Developer";
				COPY_PHASE_STRIP = NO;
				DEBUG_INFORMATION_FORMAT = dwarf;
				ENABLE_STRICT_OBJC_MSGSEND = YES;
				ENABLE_TESTABILITY = YES;
				GCC_C_LANGUAGE_STANDARD = gnu99;
				GCC_DYNAMIC_NO_PIC = NO;
				GCC_NO_COMMON_BLOCKS = YES;
				GCC_OPTIMIZATION_LEVEL = 0;
				GCC_PREPROCESSOR_DEFINITIONS = (
					"DEBUG=1",
					"$(inherited)",
				);
				GCC_WARN_64_TO_32_BIT_CONVERSION = YES;
				GCC_WARN_ABOUT_RETURN_TYPE = YES_ERROR;
				GCC_WARN_UNDECLARED_SELECTOR = YES;
				GCC_WARN_UNINITIALIZED_AUTOS = YES_AGGRESSIVE;
				GCC_WARN_UNUSED_FUNCTION = YES;
				GCC_WARN_UNUSED_VARIABLE = YES;
				IPHONEOS_DEPLOYMENT_TARGET = 10.3;
				MTL_ENABLE_DEBUG_INFO = YES;
				ONLY_ACTIVE_ARCH = YES;
				SDKROOT = iphoneos;
				SWIFT_ACTIVE_COMPILATION_CONDITIONS = DEBUG;
				SWIFT_OPTIMIZATION_LEVEL = "-Onone";
			};
			name = Debug;
		};
		A6E2B9801F15A564006C4C85 /* Release */ = {
			isa = XCBuildConfiguration;
			buildSettings = {
				ALWAYS_SEARCH_USER_PATHS = NO;
				CLANG_ANALYZER_NONNULL = YES;
				CLANG_ANALYZER_NUMBER_OBJECT_CONVERSION = YES_AGGRESSIVE;
				CLANG_CXX_LANGUAGE_STANDARD = "gnu++0x";
				CLANG_CXX_LIBRARY = "libc++";
				CLANG_ENABLE_MODULES = YES;
				CLANG_ENABLE_OBJC_ARC = YES;
				CLANG_WARN_BOOL_CONVERSION = YES;
				CLANG_WARN_CONSTANT_CONVERSION = YES;
				CLANG_WARN_DIRECT_OBJC_ISA_USAGE = YES_ERROR;
				CLANG_WARN_DOCUMENTATION_COMMENTS = YES;
				CLANG_WARN_EMPTY_BODY = YES;
				CLANG_WARN_ENUM_CONVERSION = YES;
				CLANG_WARN_INFINITE_RECURSION = YES;
				CLANG_WARN_INT_CONVERSION = YES;
				CLANG_WARN_OBJC_ROOT_CLASS = YES_ERROR;
				CLANG_WARN_SUSPICIOUS_MOVE = YES;
				CLANG_WARN_UNREACHABLE_CODE = YES;
				CLANG_WARN__DUPLICATE_METHOD_MATCH = YES;
				"CODE_SIGN_IDENTITY[sdk=iphoneos*]" = "iPhone Developer";
				COPY_PHASE_STRIP = NO;
				DEBUG_INFORMATION_FORMAT = "dwarf-with-dsym";
				ENABLE_NS_ASSERTIONS = NO;
				ENABLE_STRICT_OBJC_MSGSEND = YES;
				GCC_C_LANGUAGE_STANDARD = gnu99;
				GCC_NO_COMMON_BLOCKS = YES;
				GCC_WARN_64_TO_32_BIT_CONVERSION = YES;
				GCC_WARN_ABOUT_RETURN_TYPE = YES_ERROR;
				GCC_WARN_UNDECLARED_SELECTOR = YES;
				GCC_WARN_UNINITIALIZED_AUTOS = YES_AGGRESSIVE;
				GCC_WARN_UNUSED_FUNCTION = YES;
				GCC_WARN_UNUSED_VARIABLE = YES;
				IPHONEOS_DEPLOYMENT_TARGET = 10.3;
				MTL_ENABLE_DEBUG_INFO = NO;
				SDKROOT = iphoneos;
				SWIFT_OPTIMIZATION_LEVEL = "-Owholemodule";
				VALIDATE_PRODUCT = YES;
			};
			name = Release;
		};
		A6E2B9821F15A564006C4C85 /* Debug */ = {
			isa = XCBuildConfiguration;
			baseConfigurationReference = AC7C1191C2AFC5B024B9BD42 /* Pods-HoodCity.debug.xcconfig */;
			buildSettings = {
				ASSETCATALOG_COMPILER_APPICON_NAME = AppIcon;
				CODE_SIGN_ENTITLEMENTS = HoodCity/HoodCity.entitlements;
				DEBUG_INFORMATION_FORMAT = "dwarf-with-dsym";
				DEVELOPMENT_TEAM = W288ESV4DF;
				INFOPLIST_FILE = HoodCity/Info.plist;
				IPHONEOS_DEPLOYMENT_TARGET = 9.0;
				LD_RUNPATH_SEARCH_PATHS = "$(inherited) @executable_path/Frameworks";
				PRODUCT_BUNDLE_IDENTIFIER = com.ivnxyz.HoodCity;
				PRODUCT_NAME = "$(TARGET_NAME)";
				SWIFT_OBJC_BRIDGING_HEADER = "HoodCity/HoodCity-Bridging-Header.h";
				SWIFT_VERSION = 3.0;
			};
			name = Debug;
		};
		A6E2B9831F15A564006C4C85 /* Release */ = {
			isa = XCBuildConfiguration;
			baseConfigurationReference = D2DF91BDB09F9D37C0A87EC0 /* Pods-HoodCity.release.xcconfig */;
			buildSettings = {
				ASSETCATALOG_COMPILER_APPICON_NAME = AppIcon;
				CODE_SIGN_ENTITLEMENTS = HoodCity/HoodCity.entitlements;
				DEBUG_INFORMATION_FORMAT = "dwarf-with-dsym";
				DEVELOPMENT_TEAM = W288ESV4DF;
				INFOPLIST_FILE = HoodCity/Info.plist;
				IPHONEOS_DEPLOYMENT_TARGET = 9.0;
				LD_RUNPATH_SEARCH_PATHS = "$(inherited) @executable_path/Frameworks";
				PRODUCT_BUNDLE_IDENTIFIER = com.ivnxyz.HoodCity;
				PRODUCT_NAME = "$(TARGET_NAME)";
				SWIFT_OBJC_BRIDGING_HEADER = "HoodCity/HoodCity-Bridging-Header.h";
				SWIFT_VERSION = 3.0;
			};
			name = Release;
		};
/* End XCBuildConfiguration section */

/* Begin XCConfigurationList section */
		A6E2B96A1F15A563006C4C85 /* Build configuration list for PBXProject "HoodCity" */ = {
			isa = XCConfigurationList;
			buildConfigurations = (
				A6E2B97F1F15A564006C4C85 /* Debug */,
				A6E2B9801F15A564006C4C85 /* Release */,
			);
			defaultConfigurationIsVisible = 0;
			defaultConfigurationName = Release;
		};
		A6E2B9811F15A564006C4C85 /* Build configuration list for PBXNativeTarget "HoodCity" */ = {
			isa = XCConfigurationList;
			buildConfigurations = (
				A6E2B9821F15A564006C4C85 /* Debug */,
				A6E2B9831F15A564006C4C85 /* Release */,
			);
			defaultConfigurationIsVisible = 0;
			defaultConfigurationName = Release;
		};
/* End XCConfigurationList section */
	};
	rootObject = A6E2B9671F15A563006C4C85 /* Project object */;
}
